
Microsoft Visual Studio Solution File, Format Version 12.00
# Visual Studio Version 16
VisualStudioVersion = 16.0.29911.84
MinimumVisualStudioVersion = 10.0.40219.1
Project("{FAE04EC0-301F-11D3-BF4B-00C04F79EFBC}") = "OnBreak2.0", "OnBreak2.0\OnBreak2.0.csproj", "{27859164-B17A-4EE5-BAF5-46616A3CDD80}"
EndProject
Global
	GlobalSection(SolutionConfigurationPlatforms) = preSolution
		Debug|Any CPU = Debug|Any CPU
		Release|Any CPU = Release|Any CPU
	EndGlobalSection
	GlobalSection(ProjectConfigurationPlatforms) = postSolution
		{27859164-B17A-4EE5-BAF5-46616A3CDD80}.Debug|Any CPU.ActiveCfg = Debug|Any CPU
		{27859164-B17A-4EE5-BAF5-46616A3CDD80}.Debug|Any CPU.Build.0 = Debug|Any CPU
		{27859164-B17A-4EE5-BAF5-46616A3CDD80}.Release|Any CPU.ActiveCfg = Release|Any CPU
		{27859164-B17A-4EE5-BAF5-46616A3CDD80}.Release|Any CPU.Build.0 = Release|Any CPU
	EndGlobalSection
	GlobalSection(SolutionProperties) = preSolution
		HideSolutionNode = FALSE
	EndGlobalSection
	GlobalSection(ExtensibilityGlobals) = postSolution
		SolutionGuid = {DC80358E-8097-438A-84DC-A570EFAC2058}
	EndGlobalSection
EndGlobal
